
Microsoft Visual Studio Solution File, Format Version 12.00
# Visual Studio Version 17
VisualStudioVersion = 17.0.32112.339
MinimumVisualStudioVersion = 10.0.40219.1
Project("{FAE04EC0-301F-11D3-BF4B-00C04F79EFBC}") = "URI_beecrowd _1176_Fibonacci_Array", "URI_beecrowd _1176_Fibonacci_Array\URI_beecrowd _1176_Fibonacci_Array.csproj", "{0DFA1A75-6A5A-495D-9191-9F535933E7C0}"
EndProject
Global
	GlobalSection(SolutionConfigurationPlatforms) = preSolution
		Debug|Any CPU = Debug|Any CPU
		Release|Any CPU = Release|Any CPU
	EndGlobalSection
	GlobalSection(ProjectConfigurationPlatforms) = postSolution
		{0DFA1A75-6A5A-495D-9191-9F535933E7C0}.Debug|Any CPU.ActiveCfg = Debug|Any CPU
		{0DFA1A75-6A5A-495D-9191-9F535933E7C0}.Debug|Any CPU.Build.0 = Debug|Any CPU
		{0DFA1A75-6A5A-495D-9191-9F535933E7C0}.Release|Any CPU.ActiveCfg = Release|Any CPU
		{0DFA1A75-6A5A-495D-9191-9F535933E7C0}.Release|Any CPU.Build.0 = Release|Any CPU
	EndGlobalSection
	GlobalSection(SolutionProperties) = preSolution
		HideSolutionNode = FALSE
	EndGlobalSection
	GlobalSection(ExtensibilityGlobals) = postSolution
		SolutionGuid = {F8EC95A9-7D41-4D48-828E-047E7AD6D243}
	EndGlobalSection
EndGlobal
